// !$*UTF8*$!
{
	archiveVersion = 1;
	classes = {
	};
	objectVersion = 48;
	objects = {

/* Begin PBXBuildFile section */
		490EAE621F7AC2E600BEF6B3 /* SMLoadingHud.swift in Sources */ = {isa = PBXBuildFile; fileRef = 493183D21F7A8AFA00D2C789 /* SMLoadingHud.swift */; };
		493183C01F7A8AAE00D2C789 /* AppDelegate.swift in Sources */ = {isa = PBXBuildFile; fileRef = 493183BF1F7A8AAE00D2C789 /* AppDelegate.swift */; };
		493183C21F7A8AAE00D2C789 /* ViewController.swift in Sources */ = {isa = PBXBuildFile; fileRef = 493183C11F7A8AAE00D2C789 /* ViewController.swift */; };
		493183C51F7A8AAE00D2C789 /* Main.storyboard in Resources */ = {isa = PBXBuildFile; fileRef = 493183C31F7A8AAE00D2C789 /* Main.storyboard */; };
		493183C71F7A8AAE00D2C789 /* Assets.xcassets in Resources */ = {isa = PBXBuildFile; fileRef = 493183C61F7A8AAE00D2C789 /* Assets.xcassets */; };
		493183CA1F7A8AAE00D2C789 /* LaunchScreen.storyboard in Resources */ = {isa = PBXBuildFile; fileRef = 493183C81F7A8AAE00D2C789 /* LaunchScreen.storyboard */; };
		493183D51F7A8C0100D2C789 /* SMLoadingIndicatorView.swift in Sources */ = {isa = PBXBuildFile; fileRef = 493183D41F7A8C0100D2C789 /* SMLoadingIndicatorView.swift */; };
		4973D9851F7E5DCB009D05E9 /* SMLoadingIndicator.swift in Sources */ = {isa = PBXBuildFile; fileRef = 4973D9841F7E5DCB009D05E9 /* SMLoadingIndicator.swift */; };
		4973D9871F7E8C8F009D05E9 /* SMCubeIndicator.swift in Sources */ = {isa = PBXBuildFile; fileRef = 4973D9861F7E8C8F009D05E9 /* SMCubeIndicator.swift */; };
		49C2B61A1F9F75990001CB7A /* SMLoadingIndicatorCreation.swift in Sources */ = {isa = PBXBuildFile; fileRef = 49C2B6191F9F75990001CB7A /* SMLoadingIndicatorCreation.swift */; };
/* End PBXBuildFile section */

/* Begin PBXFileReference section */
		493183BC1F7A8AAE00D2C789 /* SMLoadingHudSample.app */ = {isa = PBXFileReference; explicitFileType = wrapper.application; includeInIndex = 0; path = SMLoadingHudSample.app; sourceTree = BUILT_PRODUCTS_DIR; };
		493183BF1F7A8AAE00D2C789 /* AppDelegate.swift */ = {isa = PBXFileReference; lastKnownFileType = sourcecode.swift; path = AppDelegate.swift; sourceTree = "<group>"; };
		493183C11F7A8AAE00D2C789 /* ViewController.swift */ = {isa = PBXFileReference; lastKnownFileType = sourcecode.swift; path = ViewController.swift; sourceTree = "<group>"; };
		493183C41F7A8AAE00D2C789 /* Base */ = {isa = PBXFileReference; lastKnownFileType = file.storyboard; name = Base; path = Base.lproj/Main.storyboard; sourceTree = "<group>"; };
		493183C61F7A8AAE00D2C789 /* Assets.xcassets */ = {isa = PBXFileReference; lastKnownFileType = folder.assetcatalog; path = Assets.xcassets; sourceTree = "<group>"; };
		493183C91F7A8AAE00D2C789 /* Base */ = {isa = PBXFileReference; lastKnownFileType = file.storyboard; name = Base; path = Base.lproj/LaunchScreen.storyboard; sourceTree = "<group>"; };
		493183CB1F7A8AAE00D2C789 /* Info.plist */ = {isa = PBXFileReference; lastKnownFileType = text.plist.xml; path = Info.plist; sourceTree = "<group>"; };
		493183D21F7A8AFA00D2C789 /* SMLoadingHud.swift */ = {isa = PBXFileReference; lastKnownFileType = sourcecode.swift; path = SMLoadingHud.swift; sourceTree = "<group>"; };
		493183D41F7A8C0100D2C789 /* SMLoadingIndicatorView.swift */ = {isa = PBXFileReference; lastKnownFileType = sourcecode.swift; path = SMLoadingIndicatorView.swift; sourceTree = "<group>"; };
		4973D9841F7E5DCB009D05E9 /* SMLoadingIndicator.swift */ = {isa = PBXFileReference; lastKnownFileType = sourcecode.swift; path = SMLoadingIndicator.swift; sourceTree = "<group>"; };
		4973D9861F7E8C8F009D05E9 /* SMCubeIndicator.swift */ = {isa = PBXFileReference; lastKnownFileType = sourcecode.swift; path = SMCubeIndicator.swift; sourceTree = "<group>"; };
		49C2B6191F9F75990001CB7A /* SMLoadingIndicatorCreation.swift */ = {isa = PBXFileReference; lastKnownFileType = sourcecode.swift; path = SMLoadingIndicatorCreation.swift; sourceTree = "<group>"; };
/* End PBXFileReference section */

/* Begin PBXFrameworksBuildPhase section */
		493183B91F7A8AAE00D2C789 /* Frameworks */ = {
			isa = PBXFrameworksBuildPhase;
			buildActionMask = 2147483647;
			files = (
			);
			runOnlyForDeploymentPostprocessing = 0;
		};
/* End PBXFrameworksBuildPhase section */

/* Begin PBXGroup section */
		493183B31F7A8AAE00D2C789 = {
			isa = PBXGroup;
			children = (
				493183BE1F7A8AAE00D2C789 /* SMLoadingHudSample */,
				493183BD1F7A8AAE00D2C789 /* Products */,
			);
			sourceTree = "<group>";
		};
		493183BD1F7A8AAE00D2C789 /* Products */ = {
			isa = PBXGroup;
			children = (
				493183BC1F7A8AAE00D2C789 /* SMLoadingHudSample.app */,
			);
			name = Products;
			sourceTree = "<group>";
		};
		493183BE1F7A8AAE00D2C789 /* SMLoadingHudSample */ = {
			isa = PBXGroup;
			children = (
				493183BF1F7A8AAE00D2C789 /* AppDelegate.swift */,
				493183C11F7A8AAE00D2C789 /* ViewController.swift */,
				493183D11F7A8AFA00D2C789 /* SMLoadingHud */,
				493183C31F7A8AAE00D2C789 /* Main.storyboard */,
				493183C61F7A8AAE00D2C789 /* Assets.xcassets */,
				493183C81F7A8AAE00D2C789 /* LaunchScreen.storyboard */,
				493183CB1F7A8AAE00D2C789 /* Info.plist */,
			);
			path = SMLoadingHudSample;
			sourceTree = "<group>";
		};
		493183D11F7A8AFA00D2C789 /* SMLoadingHud */ = {
			isa = PBXGroup;
			children = (
				493183D21F7A8AFA00D2C789 /* SMLoadingHud.swift */,
				493183D31F7A8BDC00D2C789 /* SMLoadingIndicator */,
			);
			path = SMLoadingHud;
			sourceTree = "<group>";
		};
		493183D31F7A8BDC00D2C789 /* SMLoadingIndicator */ = {
			isa = PBXGroup;
			children = (
				493183D41F7A8C0100D2C789 /* SMLoadingIndicatorView.swift */,
				4973D9841F7E5DCB009D05E9 /* SMLoadingIndicator.swift */,
				49C2B61C1F9F886E0001CB7A /* Indicators */,
				49C2B61B1F9F82D30001CB7A /* Protocols */,
			);
			path = SMLoadingIndicator;
			sourceTree = "<group>";
		};
		49C2B61B1F9F82D30001CB7A /* Protocols */ = {
			isa = PBXGroup;
			children = (
				49C2B6191F9F75990001CB7A /* SMLoadingIndicatorCreation.swift */,
			);
			path = Protocols;
			sourceTree = "<group>";
		};
		49C2B61C1F9F886E0001CB7A /* Indicators */ = {
			isa = PBXGroup;
			children = (
				4973D9861F7E8C8F009D05E9 /* SMCubeIndicator.swift */,
			);
			path = Indicators;
			sourceTree = "<group>";
		};
/* End PBXGroup section */

/* Begin PBXNativeTarget section */
		493183BB1F7A8AAE00D2C789 /* SMLoadingHudSample */ = {
			isa = PBXNativeTarget;
			buildConfigurationList = 493183CE1F7A8AAE00D2C789 /* Build configuration list for PBXNativeTarget "SMLoadingHudSample" */;
			buildPhases = (
				493183B81F7A8AAE00D2C789 /* Sources */,
				493183B91F7A8AAE00D2C789 /* Frameworks */,
				493183BA1F7A8AAE00D2C789 /* Resources */,
			);
			buildRules = (
			);
			dependencies = (
			);
			name = SMLoadingHudSample;
			productName = SMLoadingHudSample;
			productReference = 493183BC1F7A8AAE00D2C789 /* SMLoadingHudSample.app */;
			productType = "com.apple.product-type.application";
		};
/* End PBXNativeTarget section */

/* Begin PBXProject section */
		493183B41F7A8AAE00D2C789 /* Project object */ = {
			isa = PBXProject;
			attributes = {
				LastSwiftUpdateCheck = 0900;
				LastUpgradeCheck = 0900;
				ORGANIZATIONNAME = "Si Ma";
				TargetAttributes = {
					493183BB1F7A8AAE00D2C789 = {
						CreatedOnToolsVersion = 9.0;
						ProvisioningStyle = Automatic;
					};
				};
			};
			buildConfigurationList = 493183B71F7A8AAE00D2C789 /* Build configuration list for PBXProject "SMLoadingHudSample" */;
			compatibilityVersion = "Xcode 8.0";
			developmentRegion = en;
			hasScannedForEncodings = 0;
			knownRegions = (
				en,
				Base,
			);
			mainGroup = 493183B31F7A8AAE00D2C789;
			productRefGroup = 493183BD1F7A8AAE00D2C789 /* Products */;
			projectDirPath = "";
			projectRoot = "";
			targets = (
				493183BB1F7A8AAE00D2C789 /* SMLoadingHudSample */,
			);
		};
/* End PBXProject section */

/* Begin PBXResourcesBuildPhase section */
		493183BA1F7A8AAE00D2C789 /* Resources */ = {
			isa = PBXResourcesBuildPhase;
			buildActionMask = 2147483647;
			files = (
				493183CA1F7A8AAE00D2C789 /* LaunchScreen.storyboard in Resources */,
				493183C71F7A8AAE00D2C789 /* Assets.xcassets in Resources */,
				493183C51F7A8AAE00D2C789 /* Main.storyboard in Resources */,
			);
			runOnlyForDeploymentPostprocessing = 0;
		};
/* End PBXResourcesBuildPhase section */

/* Begin PBXSourcesBuildPhase section */
		493183B81F7A8AAE00D2C789 /* Sources */ = {
			isa = PBXSourcesBuildPhase;
			buildActionMask = 2147483647;
			files = (
				493183C21F7A8AAE00D2C789 /* ViewController.swift in Sources */,
				490EAE621F7AC2E600BEF6B3 /* SMLoadingHud.swift in Sources */,
				493183D51F7A8C0100D2C789 /* SMLoadingIndicatorView.swift in Sources */,
				493183C01F7A8AAE00D2C789 /* AppDelegate.swift in Sources */,
				4973D9851F7E5DCB009D05E9 /* SMLoadingIndicator.swift in Sources */,
				4973D9871F7E8C8F009D05E9 /* SMCubeIndicator.swift in Sources */,
				49C2B61A1F9F75990001CB7A /* SMLoadingIndicatorCreation.swift in Sources */,
			);
			runOnlyForDeploymentPostprocessing = 0;
		};
/* End PBXSourcesBuildPhase section */

/* Begin PBXVariantGroup section */
		493183C31F7A8AAE00D2C789 /* Main.storyboard */ = {
			isa = PBXVariantGroup;
			children = (
				493183C41F7A8AAE00D2C789 /* Base */,
			);
			name = Main.storyboard;
			sourceTree = "<group>";
		};
		493183C81F7A8AAE00D2C789 /* LaunchScreen.storyboard */ = {
			isa = PBXVariantGroup;
			children = (
				493183C91F7A8AAE00D2C789 /* Base */,
			);
			name = LaunchScreen.storyboard;
			sourceTree = "<group>";
		};
/* End PBXVariantGroup section */

/* Begin XCBuildConfiguration section */
		493183CC1F7A8AAE00D2C789 /* Debug */ = {
			isa = XCBuildConfiguration;
			buildSettings = {
				ALWAYS_SEARCH_USER_PATHS = NO;
				CLANG_ANALYZER_NONNULL = YES;
				CLANG_ANALYZER_NUMBER_OBJECT_CONVERSION = YES_AGGRESSIVE;
				CLANG_CXX_LANGUAGE_STANDARD = "gnu++14";
				CLANG_CXX_LIBRARY = "libc++";
				CLANG_ENABLE_MODULES = YES;
				CLANG_ENABLE_OBJC_ARC = YES;
				CLANG_WARN_BLOCK_CAPTURE_AUTORELEASING = YES;
				CLANG_WARN_BOOL_CONVERSION = YES;
				CLANG_WARN_COMMA = YES;
				CLANG_WARN_CONSTANT_CONVERSION = YES;
				CLANG_WARN_DIRECT_OBJC_ISA_USAGE = YES_ERROR;
				CLANG_WARN_DOCUMENTATION_COMMENTS = YES;
				CLANG_WARN_EMPTY_BODY = YES;
				CLANG_WARN_ENUM_CONVERSION = YES;
				CLANG_WARN_INFINITE_RECURSION = YES;
				CLANG_WARN_INT_CONVERSION = YES;
				CLANG_WARN_NON_LITERAL_NULL_CONVERSION = YES;
				CLANG_WARN_OBJC_LITERAL_CONVERSION = YES;
				CLANG_WARN_OBJC_ROOT_CLASS = YES_ERROR;
				CLANG_WARN_RANGE_LOOP_ANALYSIS = YES;
				CLANG_WARN_STRICT_PROTOTYPES = YES;
				CLANG_WARN_SUSPICIOUS_MOVE = YES;
				CLANG_WARN_UNGUARDED_AVAILABILITY = YES_AGGRESSIVE;
				CLANG_WARN_UNREACHABLE_CODE = YES;
				CLANG_WARN__DUPLICATE_METHOD_MATCH = YES;
				CODE_SIGN_IDENTITY = "iPhone Developer";
				COPY_PHASE_STRIP = NO;
				DEBUG_INFORMATION_FORMAT = dwarf;
				ENABLE_STRICT_OBJC_MSGSEND = YES;
				ENABLE_TESTABILITY = YES;
				GCC_C_LANGUAGE_STANDARD = gnu11;
				GCC_DYNAMIC_NO_PIC = NO;
				GCC_NO_COMMON_BLOCKS = YES;
				GCC_OPTIMIZATION_LEVEL = 0;
				GCC_PREPROCESSOR_DEFINITIONS = (
					"DEBUG=1",
					"$(inherited)",
				);
				GCC_WARN_64_TO_32_BIT_CONVERSION = YES;
				GCC_WARN_ABOUT_RETURN_TYPE = YES_ERROR;
				GCC_WARN_UNDECLARED_SELECTOR = YES;
				GCC_WARN_UNINITIALIZED_AUTOS = YES_AGGRESSIVE;
				GCC_WARN_UNUSED_FUNCTION = YES;
				GCC_WARN_UNUSED_VARIABLE = YES;
				IPHONEOS_DEPLOYMENT_TARGET = 11.0;
				MTL_ENABLE_DEBUG_INFO = YES;
				ONLY_ACTIVE_ARCH = YES;
				SDKROOT = iphoneos;
				SWIFT_ACTIVE_COMPILATION_CONDITIONS = DEBUG;
				SWIFT_OPTIMIZATION_LEVEL = "-Onone";
			};
			name = Debug;
		};
		493183CD1F7A8AAE00D2C789 /* Release */ = {
			isa = XCBuildConfiguration;
			buildSettings = {
				ALWAYS_SEARCH_USER_PATHS = NO;
				CLANG_ANALYZER_NONNULL = YES;
				CLANG_ANALYZER_NUMBER_OBJECT_CONVERSION = YES_AGGRESSIVE;
				CLANG_CXX_LANGUAGE_STANDARD = "gnu++14";
				CLANG_CXX_LIBRARY = "libc++";
				CLANG_ENABLE_MODULES = YES;
				CLANG_ENABLE_OBJC_ARC = YES;
				CLANG_WARN_BLOCK_CAPTURE_AUTORELEASING = YES;
				CLANG_WARN_BOOL_CONVERSION = YES;
				CLANG_WARN_COMMA = YES;
				CLANG_WARN_CONSTANT_CONVERSION = YES;
				CLANG_WARN_DIRECT_OBJC_ISA_USAGE = YES_ERROR;
				CLANG_WARN_DOCUMENTATION_COMMENTS = YES;
				CLANG_WARN_EMPTY_BODY = YES;
				CLANG_WARN_ENUM_CONVERSION = YES;
				CLANG_WARN_INFINITE_RECURSION = YES;
				CLANG_WARN_INT_CONVERSION = YES;
				CLANG_WARN_NON_LITERAL_NULL_CONVERSION = YES;
				CLANG_WARN_OBJC_LITERAL_CONVERSION = YES;
				CLANG_WARN_OBJC_ROOT_CLASS = YES_ERROR;
				CLANG_WARN_RANGE_LOOP_ANALYSIS = YES;
				CLANG_WARN_STRICT_PROTOTYPES = YES;
				CLANG_WARN_SUSPICIOUS_MOVE = YES;
				CLANG_WARN_UNGUARDED_AVAILABILITY = YES_AGGRESSIVE;
				CLANG_WARN_UNREACHABLE_CODE = YES;
				CLANG_WARN__DUPLICATE_METHOD_MATCH = YES;
				CODE_SIGN_IDENTITY = "iPhone Developer";
				COPY_PHASE_STRIP = NO;
				DEBUG_INFORMATION_FORMAT = "dwarf-with-dsym";
				ENABLE_NS_ASSERTIONS = NO;
				ENABLE_STRICT_OBJC_MSGSEND = YES;
				GCC_C_LANGUAGE_STANDARD = gnu11;
				GCC_NO_COMMON_BLOCKS = YES;
				GCC_WARN_64_TO_32_BIT_CONVERSION = YES;
				GCC_WARN_ABOUT_RETURN_TYPE = YES_ERROR;
				GCC_WARN_UNDECLARED_SELECTOR = YES;
				GCC_WARN_UNINITIALIZED_AUTOS = YES_AGGRESSIVE;
				GCC_WARN_UNUSED_FUNCTION = YES;
				GCC_WARN_UNUSED_VARIABLE = YES;
				IPHONEOS_DEPLOYMENT_TARGET = 11.0;
				MTL_ENABLE_DEBUG_INFO = NO;
				SDKROOT = iphoneos;
				SWIFT_OPTIMIZATION_LEVEL = "-Owholemodule";
				VALIDATE_PRODUCT = YES;
			};
			name = Release;
		};
		493183CF1F7A8AAE00D2C789 /* Debug */ = {
			isa = XCBuildConfiguration;
			buildSettings = {
				ASSETCATALOG_COMPILER_APPICON_NAME = AppIcon;
				CODE_SIGN_STYLE = Automatic;
				INFOPLIST_FILE = SMLoadingHudSample/Info.plist;
				LD_RUNPATH_SEARCH_PATHS = "$(inherited) @executable_path/Frameworks";
				PRODUCT_BUNDLE_IDENTIFIER = com.sima.SMLoadingHudSample;
				PRODUCT_NAME = "$(TARGET_NAME)";
				SWIFT_VERSION = 4.0;
				TARGETED_DEVICE_FAMILY = "1,2";
			};
			name = Debug;
		};
		493183D01F7A8AAE00D2C789 /* Release */ = {
			isa = XCBuildConfiguration;
			buildSettings = {
				ASSETCATALOG_COMPILER_APPICON_NAME = AppIcon;
				CODE_SIGN_STYLE = Automatic;
				INFOPLIST_FILE = SMLoadingHudSample/Info.plist;
				LD_RUNPATH_SEARCH_PATHS = "$(inherited) @executable_path/Frameworks";
				PRODUCT_BUNDLE_IDENTIFIER = com.sima.SMLoadingHudSample;
				PRODUCT_NAME = "$(TARGET_NAME)";
				SWIFT_VERSION = 4.0;
				TARGETED_DEVICE_FAMILY = "1,2";
			};
			name = Release;
		};
/* End XCBuildConfiguration section */

/* Begin XCConfigurationList section */
		493183B71F7A8AAE00D2C789 /* Build configuration list for PBXProject "SMLoadingHudSample" */ = {
			isa = XCConfigurationList;
			buildConfigurations = (
				493183CC1F7A8AAE00D2C789 /* Debug */,
				493183CD1F7A8AAE00D2C789 /* Release */,
			);
			defaultConfigurationIsVisible = 0;
			defaultConfigurationName = Release;
		};
		493183CE1F7A8AAE00D2C789 /* Build configuration list for PBXNativeTarget "SMLoadingHudSample" */ = {
			isa = XCConfigurationList;
			buildConfigurations = (
				493183CF1F7A8AAE00D2C789 /* Debug */,
				493183D01F7A8AAE00D2C789 /* Release */,
			);
			defaultConfigurationIsVisible = 0;
			defaultConfigurationName = Release;
		};
/* End XCConfigurationList section */
	};
	rootObject = 493183B41F7A8AAE00D2C789 /* Project object */;
}
